
Microsoft Visual Studio Solution File, Format Version 12.00
# Visual Studio Version 16
VisualStudioVersion = 16.0.810.17
MinimumVisualStudioVersion = 10.0.40219.1
Project("{FAE04EC0-301F-11D3-BF4B-00C04F79EFBC}") = "Tip_Myself", "Tip_Myself.csproj", "{1196A0C3-AF8D-4CFB-A3AC-7F767F4F1E99}"
EndProject
Global
	GlobalSection(SolutionConfigurationPlatforms) = preSolution
		Debug|Any CPU = Debug|Any CPU
		Release|Any CPU = Release|Any CPU
	EndGlobalSection
	GlobalSection(ProjectConfigurationPlatforms) = postSolution
		{1196A0C3-AF8D-4CFB-A3AC-7F767F4F1E99}.Debug|Any CPU.ActiveCfg = Debug|Any CPU
		{1196A0C3-AF8D-4CFB-A3AC-7F767F4F1E99}.Debug|Any CPU.Build.0 = Debug|Any CPU
		{1196A0C3-AF8D-4CFB-A3AC-7F767F4F1E99}.Release|Any CPU.ActiveCfg = Release|Any CPU
		{1196A0C3-AF8D-4CFB-A3AC-7F767F4F1E99}.Release|Any CPU.Build.0 = Release|Any CPU
	EndGlobalSection
	GlobalSection(SolutionProperties) = preSolution
		HideSolutionNode = FALSE
	EndGlobalSection
	GlobalSection(ExtensibilityGlobals) = postSolution
		SolutionGuid = {5B9401F5-CBBE-4F12-A1CE-B9D56291230E}
	EndGlobalSection
EndGlobal
